
Microsoft Visual Studio Solution File, Format Version 12.00
# Visual Studio Version 16
VisualStudioVersion = 16.0.31702.278
MinimumVisualStudioVersion = 10.0.40219.1
Project("{9A19103F-16F7-4668-BE54-9A1E7A4F7556}") = "FinalYearProject.Server", "Server\FinalYearProject.Server.csproj", "{39AD8EC6-6641-4836-A1EE-D803543ED745}"
EndProject
Project("{9A19103F-16F7-4668-BE54-9A1E7A4F7556}") = "FinalYearProject.Client", "Client\FinalYearProject.Client.csproj", "{2DF9F7B6-AA65-4190-BEE6-316641F46507}"
EndProject
Project("{9A19103F-16F7-4668-BE54-9A1E7A4F7556}") = "FinalYearProject.Shared", "Shared\FinalYearProject.Shared.csproj", "{76F422DD-CF4A-4620-A1D7-F21FB1EE4A67}"
EndProject
Global
	GlobalSection(SolutionConfigurationPlatforms) = preSolution
		Debug|Any CPU = Debug|Any CPU
		Release|Any CPU = Release|Any CPU
	EndGlobalSection
	GlobalSection(ProjectConfigurationPlatforms) = postSolution
		{39AD8EC6-6641-4836-A1EE-D803543ED745}.Debug|Any CPU.ActiveCfg = Debug|Any CPU
		{39AD8EC6-6641-4836-A1EE-D803543ED745}.Debug|Any CPU.Build.0 = Debug|Any CPU
		{39AD8EC6-6641-4836-A1EE-D803543ED745}.Release|Any CPU.ActiveCfg = Release|Any CPU
		{39AD8EC6-6641-4836-A1EE-D803543ED745}.Release|Any CPU.Build.0 = Release|Any CPU
		{2DF9F7B6-AA65-4190-BEE6-316641F46507}.Debug|Any CPU.ActiveCfg = Debug|Any CPU
		{2DF9F7B6-AA65-4190-BEE6-316641F46507}.Debug|Any CPU.Build.0 = Debug|Any CPU
		{2DF9F7B6-AA65-4190-BEE6-316641F46507}.Release|Any CPU.ActiveCfg = Release|Any CPU
		{2DF9F7B6-AA65-4190-BEE6-316641F46507}.Release|Any CPU.Build.0 = Release|Any CPU
		{76F422DD-CF4A-4620-A1D7-F21FB1EE4A67}.Debug|Any CPU.ActiveCfg = Debug|Any CPU
		{76F422DD-CF4A-4620-A1D7-F21FB1EE4A67}.Debug|Any CPU.Build.0 = Debug|Any CPU
		{76F422DD-CF4A-4620-A1D7-F21FB1EE4A67}.Release|Any CPU.ActiveCfg = Release|Any CPU
		{76F422DD-CF4A-4620-A1D7-F21FB1EE4A67}.Release|Any CPU.Build.0 = Release|Any CPU
	EndGlobalSection
	GlobalSection(SolutionProperties) = preSolution
		HideSolutionNode = FALSE
	EndGlobalSection
	GlobalSection(ExtensibilityGlobals) = postSolution
		SolutionGuid = {1829E4B2-6BA9-4E7E-AD4A-9239FE17E7DB}
	EndGlobalSection
EndGlobal
